<?xml version="1.0" encoding="utf-8"?>
<Project ToolsVersion="4.0" xmlns="http://schemas.microsoft.com/developer/msbuild/2003">
  <ItemGroup>
    <Filter Include="Source Files">
      <UniqueIdentifier>{4FC737F1-C7A5-4376-A066-2A32D752A2FF}</UniqueIdentifier>
      <Extensions>cpp;c;cc;cxx;c++;cppm;ixx;def;odl;idl;hpj;bat;asm;asmx</Extensions>
    </Filter>
    <Filter Include="Header Files">
      <UniqueIdentifier>{93995380-89BD-4b04-88EB-625FBE52EBFB}</UniqueIdentifier>
      <Extensions>h;hh;hpp;hxx;h++;hm;inl;inc;ipp;xsd</Extensions>
    </Filter>
    <Filter Include="Resource Files">
      <UniqueIdentifier>{67DA6AB6-F800-4c08-8B7A-83BB121AAD01}</UniqueIdentifier>
      <Extensions>rc;ico;cur;bmp;dlg;rc2;rct;bin;rgs;gif;jpg;jpeg;jpe;resx;tiff;tif;png;wav;mfcribbon-ms</Extensions>
    </Filter>
    <Filter Include="Source Files\shaders">
      <UniqueIdentifier>{57b21215-e28a-4a84-a6fd-142a18386fce}</UniqueIdentifier>
    </Filter>
    <Filter Include="Source Files\imgui">
      <UniqueIdentifier>{c551e186-9ae4-4e9b-91f5-ff2d4ecc328c}</UniqueIdentifier>
    </Filter>
    <Filter Include="Header Files\editor">
      <UniqueIdentifier>{ef50a9b5-be37-469b-a905-58e559d1eab9}</UniqueIdentifier>
    </Filter>
    <Filter Include="Source Files\editor">
      <UniqueIdentifier>{9f5734ec-20d9-4874-a574-dfa5156564c6}</UniqueIdentifier>
    </Filter>
  </ItemGroup>
  <ItemGroup>
    <ClCompile Include="main.cpp">
      <Filter>Source Files</Filter>
    </ClCompile>
    <ClCompile Include="system.cpp">
      <Filter>Source Files</Filter>
    </ClCompile>
    <ClCompile Include="game.cpp">
      <Filter>Source Files</Filter>
    </ClCompile>
    <ClCompile Include="input.cpp">
      <Filter>Source Files</Filter>
    </ClCompile>
    <ClCompile Include="rendering_util.cpp">
      <Filter>Source Files</Filter>
    </ClCompile>
    <ClCompile Include="fixed.cpp">
      <Filter>Source Files</Filter>
    </ClCompile>
    <ClCompile Include="viewport.cpp">
      <Filter>Source Files</Filter>
    </ClCompile>
    <ClCompile Include="level.cpp">
      <Filter>Source Files</Filter>
    </ClCompile>
    <ClCompile Include="..\..\imgui\imgui.cpp">
      <Filter>Source Files\imgui</Filter>
    </ClCompile>
    <ClCompile Include="..\..\imgui\imgui_demo.cpp">
      <Filter>Source Files\imgui</Filter>
    </ClCompile>
    <ClCompile Include="..\..\imgui\imgui_draw.cpp">
      <Filter>Source Files\imgui</Filter>
    </ClCompile>
    <ClCompile Include="..\..\imgui\imgui_tables.cpp">
      <Filter>Source Files\imgui</Filter>
    </ClCompile>
    <ClCompile Include="..\..\imgui\imgui_widgets.cpp">
      <Filter>Source Files\imgui</Filter>
    </ClCompile>
    <ClCompile Include="..\..\imgui\backends\imgui_impl_sdl2.cpp">
      <Filter>Source Files\imgui</Filter>
    </ClCompile>
    <ClCompile Include="..\..\imgui\backends\imgui_impl_vulkan.cpp">
      <Filter>Source Files\imgui</Filter>
    </ClCompile>
    <ClCompile Include="..\..\imgui\backends\imgui_impl_win32.cpp">
      <Filter>Source Files\imgui</Filter>
    </ClCompile>
    <ClCompile Include="rendering_vulkan.cpp">
      <Filter>Source Files</Filter>
    </ClCompile>
    <ClCompile Include="editor_metasprite.cpp">
      <Filter>Source Files\editor</Filter>
    </ClCompile>
    <ClCompile Include="editor_util.cpp">
      <Filter>Source Files\editor</Filter>
    </ClCompile>
    <ClCompile Include="editor_core.cpp">
      <Filter>Source Files\editor</Filter>
    </ClCompile>
    <ClCompile Include="editor_debug.cpp">
      <Filter>Source Files\editor</Filter>
    </ClCompile>
    <ClCompile Include="leveleditor.cpp">
      <Filter>Source Files</Filter>
    </ClCompile>
    <ClCompile Include="editor_chr.cpp">
      <Filter>Source Files\editor</Filter>
    </ClCompile>
    <ClCompile Include="editor_collision.cpp">
      <Filter>Source Files\editor</Filter>
    </ClCompile>
    <ClCompile Include="collision.cpp">
      <Filter>Source Files</Filter>
    </ClCompile>
  </ItemGroup>
  <ItemGroup>
    <ClInclude Include="rendering.h">
      <Filter>Header Files</Filter>
    </ClInclude>
    <ClInclude Include="typedef.h">
      <Filter>Header Files</Filter>
    </ClInclude>
    <ClInclude Include="system.h">
      <Filter>Header Files</Filter>
    </ClInclude>
    <ClInclude Include="game.h">
      <Filter>Header Files</Filter>
    </ClInclude>
    <ClInclude Include="input.h">
      <Filter>Header Files</Filter>
    </ClInclude>
    <ClInclude Include="fixed.h">
      <Filter>Header Files</Filter>
    </ClInclude>
    <ClInclude Include="rendering_util.h">
      <Filter>Header Files</Filter>
    </ClInclude>
    <ClInclude Include="level.h">
      <Filter>Header Files</Filter>
    </ClInclude>
    <ClInclude Include="viewport.h">
      <Filter>Header Files</Filter>
    </ClInclude>
    <ClInclude Include="editor_metasprite.h">
      <Filter>Header Files\editor</Filter>
    </ClInclude>
    <ClInclude Include="editor_util.h">
      <Filter>Header Files\editor</Filter>
    </ClInclude>
    <ClInclude Include="editor_core.h">
      <Filter>Header Files\editor</Filter>
    </ClInclude>
    <ClInclude Include="editor_debug.h">
      <Filter>Header Files\editor</Filter>
    </ClInclude>
    <ClInclude Include="leveleditor.h">
      <Filter>Header Files</Filter>
    </ClInclude>
    <ClInclude Include="editor_chr.h">
      <Filter>Header Files\editor</Filter>
    </ClInclude>
    <ClInclude Include="editor_collision.h">
      <Filter>Header Files\editor</Filter>
    </ClInclude>
    <ClInclude Include="collision.h">
      <Filter>Header Files</Filter>
    </ClInclude>
  </ItemGroup>
  <ItemGroup>
    <None Include="scanline_evaluate.comp">
      <Filter>Source Files\shaders</Filter>
    </None>
    <None Include="software.comp">
      <Filter>Source Files\shaders</Filter>
    </None>
    <None Include="quad.vert">
      <Filter>Source Files\shaders</Filter>
    </None>
    <None Include="textured_crt.frag">
      <Filter>Source Files\shaders</Filter>
    </None>
    <None Include="textured_raw.frag">
      <Filter>Source Files\shaders</Filter>
    </None>
    <None Include="debug_blit_chr.comp">
      <Filter>Source Files\shaders</Filter>
    </None>
    <None Include="debug_blit_pal.comp">
      <Filter>Source Files\shaders</Filter>
    </None>
  </ItemGroup>
</Project>